
Microsoft Visual Studio Solution File, Format Version 12.00
# Visual Studio Version 17
VisualStudioVersion = 17.8.34330.188
MinimumVisualStudioVersion = 10.0.40219.1
Project("{FAE04EC0-301F-11D3-BF4B-00C04F79EFBC}") = "TicTacToe", "TicTacToe.csproj", "{36EC8E29-5B08-438A-9CF1-0A5E86DA7350}"
EndProject
Global
	GlobalSection(SolutionConfigurationPlatforms) = preSolution
		Debug|Any CPU = Debug|Any CPU
		Release|Any CPU = Release|Any CPU
	EndGlobalSection
	GlobalSection(ProjectConfigurationPlatforms) = postSolution
		{36EC8E29-5B08-438A-9CF1-0A5E86DA7350}.Debug|Any CPU.ActiveCfg = Debug|Any CPU
		{36EC8E29-5B08-438A-9CF1-0A5E86DA7350}.Debug|Any CPU.Build.0 = Debug|Any CPU
		{36EC8E29-5B08-438A-9CF1-0A5E86DA7350}.Release|Any CPU.ActiveCfg = Release|Any CPU
		{36EC8E29-5B08-438A-9CF1-0A5E86DA7350}.Release|Any CPU.Build.0 = Release|Any CPU
	EndGlobalSection
	GlobalSection(SolutionProperties) = preSolution
		HideSolutionNode = FALSE
	EndGlobalSection
	GlobalSection(ExtensibilityGlobals) = postSolution
		SolutionGuid = {0F593F17-C3D6-4C93-B0B4-0E016CF4CF47}
	EndGlobalSection
EndGlobal
